# THIS IS AN AUTOGENERATED FILE. DO NOT EDIT THIS FILE DIRECTLY.
# yarn lockfile v1


pdfjs-dist@^2.7.570:
  version "2.7.570"
  resolved "https://registry.npm.taobao.org/pdfjs-dist/download/pdfjs-dist-2.7.570.tgz#7233241a2437ac22387656099b6e549d032f0b35"
  integrity sha1-cjMkGiQ3rCI4dlYJm25UnQMvCzU=
