# THIS IS AN AUTOGENERATED FILE. DO NOT EDIT THIS FILE DIRECTLY.
# yarn lockfile v1


formdata-polyfill@^3.0.20:
  version "3.0.20"
  resolved "https://registry.npm.taobao.org/formdata-polyfill/download/formdata-polyfill-3.0.20.tgz#d6319db8efc5cf4bb2da27856c2b902be63be1c6"
  integrity sha1-1jGduO/Fz0uy2ieFbCuQK+Y74cY=
